
Microsoft Visual Studio Solution File, Format Version 12.00
# Visual Studio Version 17
VisualStudioVersion = 17.3.32804.467
MinimumVisualStudioVersion = 10.0.40219.1
Project("{9A19103F-16F7-4668-BE54-9A1E7A4F7556}") = "WixapolShop", "WixapolShop\WixapolShop.csproj", "{4CE13143-6A10-4626-8A28-6ECE907E36D5}"
EndProject
Project("{00D1A9C2-B5F0-4AF3-8072-F6C62B433612}") = "WixapolDB", "WixapolDB\WixapolDB.sqlproj", "{B852FB75-0C35-4B2D-A5BD-E4C07260A9C7}"
EndProject
Project("{9A19103F-16F7-4668-BE54-9A1E7A4F7556}") = "Wixapol_DataAccess", "Wixapol_DataAccess\Wixapol_DataAccess.csproj", "{E4F4C79C-0FBE-4E0A-8712-F547672BA688}"
EndProject
Project("{9A19103F-16F7-4668-BE54-9A1E7A4F7556}") = "Wixapol_Utils", "Wixapol_Utils\Wixapol_Utils.csproj", "{841C9681-65DD-4005-A515-9E6C1C1F24B8}"
EndProject
Project("{9A19103F-16F7-4668-BE54-9A1E7A4F7556}") = "Wixapol_DataAccess_Tests", "Wixapol_DataAccess_Tests\Wixapol_DataAccess_Tests.csproj", "{0483EAD1-8E52-4600-B12D-58B301B1F8AB}"
EndProject
Global
	GlobalSection(SolutionConfigurationPlatforms) = preSolution
		Debug|Any CPU = Debug|Any CPU
		Release|Any CPU = Release|Any CPU
	EndGlobalSection
	GlobalSection(ProjectConfigurationPlatforms) = postSolution
		{4CE13143-6A10-4626-8A28-6ECE907E36D5}.Debug|Any CPU.ActiveCfg = Debug|Any CPU
		{4CE13143-6A10-4626-8A28-6ECE907E36D5}.Debug|Any CPU.Build.0 = Debug|Any CPU
		{4CE13143-6A10-4626-8A28-6ECE907E36D5}.Release|Any CPU.ActiveCfg = Release|Any CPU
		{4CE13143-6A10-4626-8A28-6ECE907E36D5}.Release|Any CPU.Build.0 = Release|Any CPU
		{B852FB75-0C35-4B2D-A5BD-E4C07260A9C7}.Debug|Any CPU.ActiveCfg = Debug|Any CPU
		{B852FB75-0C35-4B2D-A5BD-E4C07260A9C7}.Debug|Any CPU.Build.0 = Debug|Any CPU
		{B852FB75-0C35-4B2D-A5BD-E4C07260A9C7}.Debug|Any CPU.Deploy.0 = Debug|Any CPU
		{B852FB75-0C35-4B2D-A5BD-E4C07260A9C7}.Release|Any CPU.ActiveCfg = Release|Any CPU
		{B852FB75-0C35-4B2D-A5BD-E4C07260A9C7}.Release|Any CPU.Build.0 = Release|Any CPU
		{B852FB75-0C35-4B2D-A5BD-E4C07260A9C7}.Release|Any CPU.Deploy.0 = Release|Any CPU
		{E4F4C79C-0FBE-4E0A-8712-F547672BA688}.Debug|Any CPU.ActiveCfg = Debug|Any CPU
		{E4F4C79C-0FBE-4E0A-8712-F547672BA688}.Debug|Any CPU.Build.0 = Debug|Any CPU
		{E4F4C79C-0FBE-4E0A-8712-F547672BA688}.Release|Any CPU.ActiveCfg = Release|Any CPU
		{E4F4C79C-0FBE-4E0A-8712-F547672BA688}.Release|Any CPU.Build.0 = Release|Any CPU
		{841C9681-65DD-4005-A515-9E6C1C1F24B8}.Debug|Any CPU.ActiveCfg = Debug|Any CPU
		{841C9681-65DD-4005-A515-9E6C1C1F24B8}.Debug|Any CPU.Build.0 = Debug|Any CPU
		{841C9681-65DD-4005-A515-9E6C1C1F24B8}.Release|Any CPU.ActiveCfg = Release|Any CPU
		{841C9681-65DD-4005-A515-9E6C1C1F24B8}.Release|Any CPU.Build.0 = Release|Any CPU
		{0483EAD1-8E52-4600-B12D-58B301B1F8AB}.Debug|Any CPU.ActiveCfg = Debug|Any CPU
		{0483EAD1-8E52-4600-B12D-58B301B1F8AB}.Debug|Any CPU.Build.0 = Debug|Any CPU
		{0483EAD1-8E52-4600-B12D-58B301B1F8AB}.Release|Any CPU.ActiveCfg = Release|Any CPU
		{0483EAD1-8E52-4600-B12D-58B301B1F8AB}.Release|Any CPU.Build.0 = Release|Any CPU
	EndGlobalSection
	GlobalSection(SolutionProperties) = preSolution
		HideSolutionNode = FALSE
	EndGlobalSection
	GlobalSection(ExtensibilityGlobals) = postSolution
		SolutionGuid = {4C2D30B3-914D-4B2B-9B2F-D211B10BF886}
	EndGlobalSection
EndGlobal
